
Microsoft Visual Studio Solution File, Format Version 12.00
# Visual Studio Version 16
VisualStudioVersion = 16.0.31624.102
MinimumVisualStudioVersion = 10.0.40219.1
Project("{FAE04EC0-301F-11D3-BF4B-00C04F79EFBC}") = "PrviTest", "PrviTest\PrviTest.csproj", "{160DD96F-A8B7-4AF0-97EF-77A084E55FF9}"
EndProject
Global
	GlobalSection(SolutionConfigurationPlatforms) = preSolution
		Debug|Any CPU = Debug|Any CPU
		Release|Any CPU = Release|Any CPU
	EndGlobalSection
	GlobalSection(ProjectConfigurationPlatforms) = postSolution
		{160DD96F-A8B7-4AF0-97EF-77A084E55FF9}.Debug|Any CPU.ActiveCfg = Debug|Any CPU
		{160DD96F-A8B7-4AF0-97EF-77A084E55FF9}.Debug|Any CPU.Build.0 = Debug|Any CPU
		{160DD96F-A8B7-4AF0-97EF-77A084E55FF9}.Release|Any CPU.ActiveCfg = Release|Any CPU
		{160DD96F-A8B7-4AF0-97EF-77A084E55FF9}.Release|Any CPU.Build.0 = Release|Any CPU
	EndGlobalSection
	GlobalSection(SolutionProperties) = preSolution
		HideSolutionNode = FALSE
	EndGlobalSection
	GlobalSection(ExtensibilityGlobals) = postSolution
		SolutionGuid = {071A36FF-8C56-4E9E-9FB2-4D4D52DCBA48}
	EndGlobalSection
EndGlobal
