
Microsoft Visual Studio Solution File, Format Version 12.00
# Visual Studio Version 16
VisualStudioVersion = 16.0.31624.102
MinimumVisualStudioVersion = 10.0.40219.1
Project("{FAE04EC0-301F-11D3-BF4B-00C04F79EFBC}") = "Povezovanje", "Povezovanje\Povezovanje.csproj", "{DDA9F742-4B5E-43AE-854D-EC92F4E605DD}"
EndProject
Global
	GlobalSection(SolutionConfigurationPlatforms) = preSolution
		Debug|Any CPU = Debug|Any CPU
		Release|Any CPU = Release|Any CPU
	EndGlobalSection
	GlobalSection(ProjectConfigurationPlatforms) = postSolution
		{DDA9F742-4B5E-43AE-854D-EC92F4E605DD}.Debug|Any CPU.ActiveCfg = Debug|Any CPU
		{DDA9F742-4B5E-43AE-854D-EC92F4E605DD}.Debug|Any CPU.Build.0 = Debug|Any CPU
		{DDA9F742-4B5E-43AE-854D-EC92F4E605DD}.Release|Any CPU.ActiveCfg = Release|Any CPU
		{DDA9F742-4B5E-43AE-854D-EC92F4E605DD}.Release|Any CPU.Build.0 = Release|Any CPU
	EndGlobalSection
	GlobalSection(SolutionProperties) = preSolution
		HideSolutionNode = FALSE
	EndGlobalSection
	GlobalSection(ExtensibilityGlobals) = postSolution
		SolutionGuid = {6557A3A8-6BEB-4A95-BCDD-981E38A62D00}
	EndGlobalSection
EndGlobal
