
Microsoft Visual Studio Solution File, Format Version 12.00
# Visual Studio Version 16
VisualStudioVersion = 16.0.31624.102
MinimumVisualStudioVersion = 10.0.40219.1
Project("{F184B08F-C81C-45F6-A57F-5ABD9991F28F}") = "PrvaSpletna", "PrvaSpletna\PrvaSpletna.vbproj", "{0C6A31AC-A802-4375-BC1E-076D09C7460D}"
EndProject
Global
	GlobalSection(SolutionConfigurationPlatforms) = preSolution
		Debug|Any CPU = Debug|Any CPU
		Release|Any CPU = Release|Any CPU
	EndGlobalSection
	GlobalSection(ProjectConfigurationPlatforms) = postSolution
		{0C6A31AC-A802-4375-BC1E-076D09C7460D}.Debug|Any CPU.ActiveCfg = Debug|Any CPU
		{0C6A31AC-A802-4375-BC1E-076D09C7460D}.Debug|Any CPU.Build.0 = Debug|Any CPU
		{0C6A31AC-A802-4375-BC1E-076D09C7460D}.Release|Any CPU.ActiveCfg = Release|Any CPU
		{0C6A31AC-A802-4375-BC1E-076D09C7460D}.Release|Any CPU.Build.0 = Release|Any CPU
	EndGlobalSection
	GlobalSection(SolutionProperties) = preSolution
		HideSolutionNode = FALSE
	EndGlobalSection
	GlobalSection(ExtensibilityGlobals) = postSolution
		SolutionGuid = {178DC5BC-A164-452A-8142-0B668AD1F0FC}
	EndGlobalSection
EndGlobal
